
Microsoft Visual Studio Solution File, Format Version 12.00
Project("{FAE04EC0-301F-11D3-BF4B-00C04F79EFBC}") = "V8Utils", "Common\V8Utils.csproj", "{0792D190-641A-4EBF-B0E2-DAD7B365943D}"
EndProject
Project("{FAE04EC0-301F-11D3-BF4B-00C04F79EFBC}") = "V8Utils.Windows", "Windows\V8Utils.Windows.csproj", "{40BA0940-350C-4F00-9DBB-1368B09629B5}"
EndProject
Global
	GlobalSection(SolutionConfigurationPlatforms) = preSolution
		Debug|Any CPU = Debug|Any CPU
		Release|Any CPU = Release|Any CPU
	EndGlobalSection
	GlobalSection(ProjectConfigurationPlatforms) = postSolution
		{0792D190-641A-4EBF-B0E2-DAD7B365943D}.Debug|Any CPU.ActiveCfg = Debug|Any CPU
		{0792D190-641A-4EBF-B0E2-DAD7B365943D}.Debug|Any CPU.Build.0 = Debug|Any CPU
		{0792D190-641A-4EBF-B0E2-DAD7B365943D}.Release|Any CPU.ActiveCfg = Release|Any CPU
		{0792D190-641A-4EBF-B0E2-DAD7B365943D}.Release|Any CPU.Build.0 = Release|Any CPU
		{40BA0940-350C-4F00-9DBB-1368B09629B5}.Debug|Any CPU.ActiveCfg = Debug|Any CPU
		{40BA0940-350C-4F00-9DBB-1368B09629B5}.Debug|Any CPU.Build.0 = Debug|Any CPU
		{40BA0940-350C-4F00-9DBB-1368B09629B5}.Release|Any CPU.ActiveCfg = Release|Any CPU
		{40BA0940-350C-4F00-9DBB-1368B09629B5}.Release|Any CPU.Build.0 = Release|Any CPU
	EndGlobalSection
EndGlobal
